// !$*UTF8*$!
{
	archiveVersion = 1;
	classes = {
	};
	objectVersion = 55;
	objects = {

/* Begin PBXBuildFile section */
		A12B90F42843776100156AA7 /* BaseTableViewCell.swift in Sources */ = {isa = PBXBuildFile; fileRef = A12B90F32843776100156AA7 /* BaseTableViewCell.swift */; };
		A12B90F62843858C00156AA7 /* EditSheetReactor.swift in Sources */ = {isa = PBXBuildFile; fileRef = A12B90F52843858C00156AA7 /* EditSheetReactor.swift */; };
		A12B90FA28438D1F00156AA7 /* AnswerDetailViewController.swift in Sources */ = {isa = PBXBuildFile; fileRef = A12B90F928438D1F00156AA7 /* AnswerDetailViewController.swift */; };
		A12B90FC28438D2B00156AA7 /* AnswerDetailReactor.swift in Sources */ = {isa = PBXBuildFile; fileRef = A12B90FB28438D2B00156AA7 /* AnswerDetailReactor.swift */; };
		A12B90FE28438D3E00156AA7 /* AnswerUseCase.swift in Sources */ = {isa = PBXBuildFile; fileRef = A12B90FD28438D3E00156AA7 /* AnswerUseCase.swift */; };
		A12B910028438D4600156AA7 /* Answer.swift in Sources */ = {isa = PBXBuildFile; fileRef = A12B90FF28438D4600156AA7 /* Answer.swift */; };
		A12B910228438D4F00156AA7 /* AnswerRepository.swift in Sources */ = {isa = PBXBuildFile; fileRef = A12B910128438D4F00156AA7 /* AnswerRepository.swift */; };
		A12B910428438D6B00156AA7 /* AnswerRepositoryImpl.swift in Sources */ = {isa = PBXBuildFile; fileRef = A12B910328438D6B00156AA7 /* AnswerRepositoryImpl.swift */; };
		A12B910628438F1700156AA7 /* AnswerAPI.swift in Sources */ = {isa = PBXBuildFile; fileRef = A12B910528438F1700156AA7 /* AnswerAPI.swift */; };
		A12B91082843907E00156AA7 /* AnswerDTO.swift in Sources */ = {isa = PBXBuildFile; fileRef = A12B91072843907E00156AA7 /* AnswerDTO.swift */; };
		A12B910A284399A800156AA7 /* Date+.swift in Sources */ = {isa = PBXBuildFile; fileRef = A12B9109284399A800156AA7 /* Date+.swift */; };
		A12B910E284B1E8E00156AA7 /* SheetEditMode.swift in Sources */ = {isa = PBXBuildFile; fileRef = A12B910D284B1E8E00156AA7 /* SheetEditMode.swift */; };
		A151BEB5283D1877002780F5 /* CategoryListSection.swift in Sources */ = {isa = PBXBuildFile; fileRef = A151BEB4283D1877002780F5 /* CategoryListSection.swift */; };
		A151BEB9283D1C14002780F5 /* CategoryListCell.swift in Sources */ = {isa = PBXBuildFile; fileRef = A151BEB8283D1C14002780F5 /* CategoryListCell.swift */; };
		A151BEBD28427342002780F5 /* QuestionListViewController.swift in Sources */ = {isa = PBXBuildFile; fileRef = A151BEBC28427342002780F5 /* QuestionListViewController.swift */; };
		A151BEBF2842734C002780F5 /* QuestionListReactor.swift in Sources */ = {isa = PBXBuildFile; fileRef = A151BEBE2842734C002780F5 /* QuestionListReactor.swift */; };
		A151BEC12842735E002780F5 /* QuestionListCell.swift in Sources */ = {isa = PBXBuildFile; fileRef = A151BEC02842735E002780F5 /* QuestionListCell.swift */; };
		A151BEC32842736D002780F5 /* Question.swift in Sources */ = {isa = PBXBuildFile; fileRef = A151BEC22842736D002780F5 /* Question.swift */; };
		A151BEC628427381002780F5 /* QuestionListSection.swift in Sources */ = {isa = PBXBuildFile; fileRef = A151BEC528427381002780F5 /* QuestionListSection.swift */; };
		A151BEC82842738F002780F5 /* QuestionUseCase.swift in Sources */ = {isa = PBXBuildFile; fileRef = A151BEC72842738E002780F5 /* QuestionUseCase.swift */; };
		A151BECA2842739A002780F5 /* QuestionRepository.swift in Sources */ = {isa = PBXBuildFile; fileRef = A151BEC92842739A002780F5 /* QuestionRepository.swift */; };
		A151BECC284273B7002780F5 /* QuestionRepositoryImpl.swift in Sources */ = {isa = PBXBuildFile; fileRef = A151BECB284273B7002780F5 /* QuestionRepositoryImpl.swift */; };
		A151BECE284273C1002780F5 /* QuestionAPI.swift in Sources */ = {isa = PBXBuildFile; fileRef = A151BECD284273C1002780F5 /* QuestionAPI.swift */; };
		A151BED0284279A9002780F5 /* QuestionDTO.swift in Sources */ = {isa = PBXBuildFile; fileRef = A151BECF284279A9002780F5 /* QuestionDTO.swift */; };
		A1634A36283B93E700403498 /* CategoryAPI.swift in Sources */ = {isa = PBXBuildFile; fileRef = A1634A35283B93E700403498 /* CategoryAPI.swift */; };
		A1634A3A283B9B4000403498 /* Category.swift in Sources */ = {isa = PBXBuildFile; fileRef = A1634A39283B9B4000403498 /* Category.swift */; };
		A1634A3D283B9DE100403498 /* VersionDTO.swift in Sources */ = {isa = PBXBuildFile; fileRef = A1634A3C283B9DE100403498 /* VersionDTO.swift */; };
		A1634A3F283B9DFF00403498 /* CategoryDTO.swift in Sources */ = {isa = PBXBuildFile; fileRef = A1634A3E283B9DFF00403498 /* CategoryDTO.swift */; };
		A1634A41283B9E9400403498 /* Version.swift in Sources */ = {isa = PBXBuildFile; fileRef = A1634A40283B9E9400403498 /* Version.swift */; };
		A1634A47283D035D00403498 /* CALayer+.swift in Sources */ = {isa = PBXBuildFile; fileRef = A1634A46283D035D00403498 /* CALayer+.swift */; };
		A189E634284B7074008D86F1 /* SheetUseCase.swift in Sources */ = {isa = PBXBuildFile; fileRef = A189E633284B7074008D86F1 /* SheetUseCase.swift */; };
		A189E636284C6A46008D86F1 /* SheetError.swift in Sources */ = {isa = PBXBuildFile; fileRef = A189E635284C6A46008D86F1 /* SheetError.swift */; };
		A1A35CA928433E080047AF82 /* EditSheetViewController.swift in Sources */ = {isa = PBXBuildFile; fileRef = A1A35CA828433E080047AF82 /* EditSheetViewController.swift */; };
		A1AE5FA9283524C700C71F9B /* ServiceAPI.swift in Sources */ = {isa = PBXBuildFile; fileRef = A1AE5FA8283524C700C71F9B /* ServiceAPI.swift */; };
		A1AE5FAB283524F700C71F9B /* VersionAPI.swift in Sources */ = {isa = PBXBuildFile; fileRef = A1AE5FAA283524F700C71F9B /* VersionAPI.swift */; };
		A1AE5FAF2835AB3100C71F9B /* FirebaseError.swift in Sources */ = {isa = PBXBuildFile; fileRef = A1AE5FAE2835AB3100C71F9B /* FirebaseError.swift */; };
		A1AE5FB22837BE9000C71F9B /* MainTab.swift in Sources */ = {isa = PBXBuildFile; fileRef = A1AE5FB12837BE9000C71F9B /* MainTab.swift */; };
		A1AE5FB42837BEBF00C71F9B /* MainTabBarController.swift in Sources */ = {isa = PBXBuildFile; fileRef = A1AE5FB32837BEBF00C71F9B /* MainTabBarController.swift */; };
		A1AE5FB62837BF2A00C71F9B /* MainTabViewModel.swift in Sources */ = {isa = PBXBuildFile; fileRef = A1AE5FB52837BF2A00C71F9B /* MainTabViewModel.swift */; };
		A1AE5FB82837D7F100C71F9B /* BMHANNA_11yrs_ttf.ttf in Resources */ = {isa = PBXBuildFile; fileRef = A1AE5FB72837D7F100C71F9B /* BMHANNA_11yrs_ttf.ttf */; };
		A1AE5FC8283B669400C71F9B /* CategoryListViewController.swift in Sources */ = {isa = PBXBuildFile; fileRef = A1AE5FC7283B669400C71F9B /* CategoryListViewController.swift */; };
		A1AE5FCD283B767D00C71F9B /* BaseViewController.swift in Sources */ = {isa = PBXBuildFile; fileRef = A1AE5FCC283B767D00C71F9B /* BaseViewController.swift */; };
		A1AE5FCF283B852000C71F9B /* CategoryListReactor.swift in Sources */ = {isa = PBXBuildFile; fileRef = A1AE5FCE283B852000C71F9B /* CategoryListReactor.swift */; };
		A1AE5FD1283B854B00C71F9B /* CategoryUseCase.swift in Sources */ = {isa = PBXBuildFile; fileRef = A1AE5FD0283B854B00C71F9B /* CategoryUseCase.swift */; };
		A1AE5FD3283B858700C71F9B /* CategoryRepository.swift in Sources */ = {isa = PBXBuildFile; fileRef = A1AE5FD2283B858700C71F9B /* CategoryRepository.swift */; };
		A1AE5FD5283B859A00C71F9B /* CategoryRepositoryImpl.swift in Sources */ = {isa = PBXBuildFile; fileRef = A1AE5FD4283B859A00C71F9B /* CategoryRepositoryImpl.swift */; };
		A1B5F072283270890098DF44 /* AppDelegate.swift in Sources */ = {isa = PBXBuildFile; fileRef = A1B5F071283270890098DF44 /* AppDelegate.swift */; };
		A1B5F074283270890098DF44 /* SceneDelegate.swift in Sources */ = {isa = PBXBuildFile; fileRef = A1B5F073283270890098DF44 /* SceneDelegate.swift */; };
		A1B5F076283270890098DF44 /* SplashViewController.swift in Sources */ = {isa = PBXBuildFile; fileRef = A1B5F075283270890098DF44 /* SplashViewController.swift */; };
		A1B5F07B2832708B0098DF44 /* Assets.xcassets in Resources */ = {isa = PBXBuildFile; fileRef = A1B5F07A2832708B0098DF44 /* Assets.xcassets */; };
		A1B5F07E2832708B0098DF44 /* LaunchScreen.storyboard in Resources */ = {isa = PBXBuildFile; fileRef = A1B5F07C2832708B0098DF44 /* LaunchScreen.storyboard */; };
		A1B5F0892832708B0098DF44 /* DevSheetTests.swift in Sources */ = {isa = PBXBuildFile; fileRef = A1B5F0882832708B0098DF44 /* DevSheetTests.swift */; };
		A1B5F0932832708B0098DF44 /* DevSheetUITests.swift in Sources */ = {isa = PBXBuildFile; fileRef = A1B5F0922832708B0098DF44 /* DevSheetUITests.swift */; };
		A1B5F0952832708B0098DF44 /* DevSheetUITestsLaunchTests.swift in Sources */ = {isa = PBXBuildFile; fileRef = A1B5F0942832708B0098DF44 /* DevSheetUITestsLaunchTests.swift */; };
		A1B5F0AC28327E850098DF44 /* DIContainer.swift in Sources */ = {isa = PBXBuildFile; fileRef = A1B5F0AB28327E850098DF44 /* DIContainer.swift */; };
		A1B5F0B0283282DF0098DF44 /* GoogleService-Info.plist in Resources */ = {isa = PBXBuildFile; fileRef = A1B5F0AF283282DF0098DF44 /* GoogleService-Info.plist */; };
		A1B5F0B3283284CD0098DF44 /* FirebaseAnalytics in Frameworks */ = {isa = PBXBuildFile; productRef = A1B5F0B2283284CD0098DF44 /* FirebaseAnalytics */; };
		A1B5F0B5283284CD0098DF44 /* FirebaseAnalyticsSwift in Frameworks */ = {isa = PBXBuildFile; productRef = A1B5F0B4283284CD0098DF44 /* FirebaseAnalyticsSwift */; };
		A1B5F0B7283284CD0098DF44 /* FirebaseAnalyticsWithoutAdIdSupport in Frameworks */ = {isa = PBXBuildFile; productRef = A1B5F0B6283284CD0098DF44 /* FirebaseAnalyticsWithoutAdIdSupport */; };
		A1B5F0B9283284CD0098DF44 /* FirebaseAuth in Frameworks */ = {isa = PBXBuildFile; productRef = A1B5F0B8283284CD0098DF44 /* FirebaseAuth */; };
		A1B5F0BB283284CD0098DF44 /* FirebaseCrashlytics in Frameworks */ = {isa = PBXBuildFile; productRef = A1B5F0BA283284CD0098DF44 /* FirebaseCrashlytics */; };
		A1B5F0BD283284CD0098DF44 /* FirebaseDatabase in Frameworks */ = {isa = PBXBuildFile; productRef = A1B5F0BC283284CD0098DF44 /* FirebaseDatabase */; };
		A1B5F0BF283284CD0098DF44 /* FirebaseDatabaseSwift in Frameworks */ = {isa = PBXBuildFile; productRef = A1B5F0BE283284CD0098DF44 /* FirebaseDatabaseSwift */; };
		A1B5F0C1283284CD0098DF44 /* FirebaseFirestore in Frameworks */ = {isa = PBXBuildFile; productRef = A1B5F0C0283284CD0098DF44 /* FirebaseFirestore */; };
		A1B5F0C3283284CD0098DF44 /* FirebaseFirestoreSwift in Frameworks */ = {isa = PBXBuildFile; productRef = A1B5F0C2283284CD0098DF44 /* FirebaseFirestoreSwift */; };
		A1B5F0C5283284CD0098DF44 /* FirebaseStorage in Frameworks */ = {isa = PBXBuildFile; productRef = A1B5F0C4283284CD0098DF44 /* FirebaseStorage */; };
		A1B5F0C828328A460098DF44 /* .swiftlint.yml in Resources */ = {isa = PBXBuildFile; fileRef = A1B5F0C728328A460098DF44 /* .swiftlint.yml */; };
		A1B5F0D02833DA630098DF44 /* VersionRepository.swift in Sources */ = {isa = PBXBuildFile; fileRef = A1B5F0CF2833DA630098DF44 /* VersionRepository.swift */; };
		A1B5F0D22833DA790098DF44 /* VersionUseCase.swift in Sources */ = {isa = PBXBuildFile; fileRef = A1B5F0D12833DA790098DF44 /* VersionUseCase.swift */; };
		A1B5F0D42833DAA70098DF44 /* VersionRepositoryImpl.swift in Sources */ = {isa = PBXBuildFile; fileRef = A1B5F0D32833DAA70098DF44 /* VersionRepositoryImpl.swift */; };
		A1B5F0D828350E5C0098DF44 /* SplashReactor.swift in Sources */ = {isa = PBXBuildFile; fileRef = A1B5F0D728350E5C0098DF44 /* SplashReactor.swift */; };
		A1B5F0DA283510A10098DF44 /* FirebaseService.swift in Sources */ = {isa = PBXBuildFile; fileRef = A1B5F0D9283510A10098DF44 /* FirebaseService.swift */; };
		DC349FBF1F19D28271067F49 /* Pods_DevSheet.framework in Frameworks */ = {isa = PBXBuildFile; fileRef = 5A8464C150945B55D7526BBD /* Pods_DevSheet.framework */; };
		DC9ED303FD5BBE58A2930920 /* Pods_DevSheet_DevSheetUITests.framework in Frameworks */ = {isa = PBXBuildFile; fileRef = 9EE7855CE8F624998618C615 /* Pods_DevSheet_DevSheetUITests.framework */; };
		EB87334F0F63E2BC3A6BEADB /* Pods_DevSheetTests.framework in Frameworks */ = {isa = PBXBuildFile; fileRef = FD29BC64A1226723D5AFEC14 /* Pods_DevSheetTests.framework */; };
/* End PBXBuildFile section */

/* Begin PBXContainerItemProxy section */
		A1B5F0852832708B0098DF44 /* PBXContainerItemProxy */ = {
			isa = PBXContainerItemProxy;
			containerPortal = A1B5F066283270890098DF44 /* Project object */;
			proxyType = 1;
			remoteGlobalIDString = A1B5F06D283270890098DF44;
			remoteInfo = DevSheet;
		};
		A1B5F08F2832708B0098DF44 /* PBXContainerItemProxy */ = {
			isa = PBXContainerItemProxy;
			containerPortal = A1B5F066283270890098DF44 /* Project object */;
			proxyType = 1;
			remoteGlobalIDString = A1B5F06D283270890098DF44;
			remoteInfo = DevSheet;
		};
/* End PBXContainerItemProxy section */

/* Begin PBXFileReference section */
		1A84A0F1A71943029E082592 /* Pods-DevSheetTests.debug.xcconfig */ = {isa = PBXFileReference; includeInIndex = 1; lastKnownFileType = text.xcconfig; name = "Pods-DevSheetTests.debug.xcconfig"; path = "Target Support Files/Pods-DevSheetTests/Pods-DevSheetTests.debug.xcconfig"; sourceTree = "<group>"; };
		5A8464C150945B55D7526BBD /* Pods_DevSheet.framework */ = {isa = PBXFileReference; explicitFileType = wrapper.framework; includeInIndex = 0; path = Pods_DevSheet.framework; sourceTree = BUILT_PRODUCTS_DIR; };
		778AAA77B9C7472AAEC3F477 /* Pods-DevSheet-DevSheetUITests.release.xcconfig */ = {isa = PBXFileReference; includeInIndex = 1; lastKnownFileType = text.xcconfig; name = "Pods-DevSheet-DevSheetUITests.release.xcconfig"; path = "Target Support Files/Pods-DevSheet-DevSheetUITests/Pods-DevSheet-DevSheetUITests.release.xcconfig"; sourceTree = "<group>"; };
		8C681EB0F81107A551EA4192 /* Pods-DevSheetTests.release.xcconfig */ = {isa = PBXFileReference; includeInIndex = 1; lastKnownFileType = text.xcconfig; name = "Pods-DevSheetTests.release.xcconfig"; path = "Target Support Files/Pods-DevSheetTests/Pods-DevSheetTests.release.xcconfig"; sourceTree = "<group>"; };
		9EE7855CE8F624998618C615 /* Pods_DevSheet_DevSheetUITests.framework */ = {isa = PBXFileReference; explicitFileType = wrapper.framework; includeInIndex = 0; path = Pods_DevSheet_DevSheetUITests.framework; sourceTree = BUILT_PRODUCTS_DIR; };
		A12B90F32843776100156AA7 /* BaseTableViewCell.swift */ = {isa = PBXFileReference; lastKnownFileType = sourcecode.swift; path = BaseTableViewCell.swift; sourceTree = "<group>"; };
		A12B90F52843858C00156AA7 /* EditSheetReactor.swift */ = {isa = PBXFileReference; lastKnownFileType = sourcecode.swift; path = EditSheetReactor.swift; sourceTree = "<group>"; };
		A12B90F928438D1F00156AA7 /* AnswerDetailViewController.swift */ = {isa = PBXFileReference; lastKnownFileType = sourcecode.swift; path = AnswerDetailViewController.swift; sourceTree = "<group>"; };
		A12B90FB28438D2B00156AA7 /* AnswerDetailReactor.swift */ = {isa = PBXFileReference; lastKnownFileType = sourcecode.swift; path = AnswerDetailReactor.swift; sourceTree = "<group>"; };
		A12B90FD28438D3E00156AA7 /* AnswerUseCase.swift */ = {isa = PBXFileReference; lastKnownFileType = sourcecode.swift; path = AnswerUseCase.swift; sourceTree = "<group>"; };
		A12B90FF28438D4600156AA7 /* Answer.swift */ = {isa = PBXFileReference; lastKnownFileType = sourcecode.swift; path = Answer.swift; sourceTree = "<group>"; };
		A12B910128438D4F00156AA7 /* AnswerRepository.swift */ = {isa = PBXFileReference; lastKnownFileType = sourcecode.swift; path = AnswerRepository.swift; sourceTree = "<group>"; };
		A12B910328438D6B00156AA7 /* AnswerRepositoryImpl.swift */ = {isa = PBXFileReference; lastKnownFileType = sourcecode.swift; path = AnswerRepositoryImpl.swift; sourceTree = "<group>"; };
		A12B910528438F1700156AA7 /* AnswerAPI.swift */ = {isa = PBXFileReference; lastKnownFileType = sourcecode.swift; path = AnswerAPI.swift; sourceTree = "<group>"; };
		A12B91072843907E00156AA7 /* AnswerDTO.swift */ = {isa = PBXFileReference; lastKnownFileType = sourcecode.swift; path = AnswerDTO.swift; sourceTree = "<group>"; };
		A12B9109284399A800156AA7 /* Date+.swift */ = {isa = PBXFileReference; lastKnownFileType = sourcecode.swift; path = "Date+.swift"; sourceTree = "<group>"; };
		A12B910D284B1E8E00156AA7 /* SheetEditMode.swift */ = {isa = PBXFileReference; lastKnownFileType = sourcecode.swift; path = SheetEditMode.swift; sourceTree = "<group>"; };
		A151BEB4283D1877002780F5 /* CategoryListSection.swift */ = {isa = PBXFileReference; lastKnownFileType = sourcecode.swift; path = CategoryListSection.swift; sourceTree = "<group>"; };
		A151BEB8283D1C14002780F5 /* CategoryListCell.swift */ = {isa = PBXFileReference; lastKnownFileType = sourcecode.swift; path = CategoryListCell.swift; sourceTree = "<group>"; };
		A151BEBC28427342002780F5 /* QuestionListViewController.swift */ = {isa = PBXFileReference; lastKnownFileType = sourcecode.swift; path = QuestionListViewController.swift; sourceTree = "<group>"; };
		A151BEBE2842734C002780F5 /* QuestionListReactor.swift */ = {isa = PBXFileReference; lastKnownFileType = sourcecode.swift; path = QuestionListReactor.swift; sourceTree = "<group>"; };
		A151BEC02842735E002780F5 /* QuestionListCell.swift */ = {isa = PBXFileReference; lastKnownFileType = sourcecode.swift; path = QuestionListCell.swift; sourceTree = "<group>"; };
		A151BEC22842736D002780F5 /* Question.swift */ = {isa = PBXFileReference; lastKnownFileType = sourcecode.swift; path = Question.swift; sourceTree = "<group>"; };
		A151BEC528427381002780F5 /* QuestionListSection.swift */ = {isa = PBXFileReference; lastKnownFileType = sourcecode.swift; path = QuestionListSection.swift; sourceTree = "<group>"; };
		A151BEC72842738E002780F5 /* QuestionUseCase.swift */ = {isa = PBXFileReference; lastKnownFileType = sourcecode.swift; path = QuestionUseCase.swift; sourceTree = "<group>"; };
		A151BEC92842739A002780F5 /* QuestionRepository.swift */ = {isa = PBXFileReference; lastKnownFileType = sourcecode.swift; path = QuestionRepository.swift; sourceTree = "<group>"; };
		A151BECB284273B7002780F5 /* QuestionRepositoryImpl.swift */ = {isa = PBXFileReference; lastKnownFileType = sourcecode.swift; path = QuestionRepositoryImpl.swift; sourceTree = "<group>"; };
		A151BECD284273C1002780F5 /* QuestionAPI.swift */ = {isa = PBXFileReference; lastKnownFileType = sourcecode.swift; path = QuestionAPI.swift; sourceTree = "<group>"; };
		A151BECF284279A9002780F5 /* QuestionDTO.swift */ = {isa = PBXFileReference; lastKnownFileType = sourcecode.swift; path = QuestionDTO.swift; sourceTree = "<group>"; };
		A1634A35283B93E700403498 /* CategoryAPI.swift */ = {isa = PBXFileReference; lastKnownFileType = sourcecode.swift; path = CategoryAPI.swift; sourceTree = "<group>"; };
		A1634A39283B9B4000403498 /* Category.swift */ = {isa = PBXFileReference; lastKnownFileType = sourcecode.swift; path = Category.swift; sourceTree = "<group>"; };
		A1634A3C283B9DE100403498 /* VersionDTO.swift */ = {isa = PBXFileReference; lastKnownFileType = sourcecode.swift; path = VersionDTO.swift; sourceTree = "<group>"; };
		A1634A3E283B9DFF00403498 /* CategoryDTO.swift */ = {isa = PBXFileReference; lastKnownFileType = sourcecode.swift; path = CategoryDTO.swift; sourceTree = "<group>"; };
		A1634A40283B9E9400403498 /* Version.swift */ = {isa = PBXFileReference; lastKnownFileType = sourcecode.swift; path = Version.swift; sourceTree = "<group>"; };
		A1634A46283D035D00403498 /* CALayer+.swift */ = {isa = PBXFileReference; lastKnownFileType = sourcecode.swift; path = "CALayer+.swift"; sourceTree = "<group>"; };
		A189E633284B7074008D86F1 /* SheetUseCase.swift */ = {isa = PBXFileReference; lastKnownFileType = sourcecode.swift; path = SheetUseCase.swift; sourceTree = "<group>"; };
		A189E635284C6A46008D86F1 /* SheetError.swift */ = {isa = PBXFileReference; lastKnownFileType = sourcecode.swift; path = SheetError.swift; sourceTree = "<group>"; };
		A1A35CA828433E080047AF82 /* EditSheetViewController.swift */ = {isa = PBXFileReference; lastKnownFileType = sourcecode.swift; path = EditSheetViewController.swift; sourceTree = "<group>"; };
		A1AE5FA8283524C700C71F9B /* ServiceAPI.swift */ = {isa = PBXFileReference; lastKnownFileType = sourcecode.swift; path = ServiceAPI.swift; sourceTree = "<group>"; };
		A1AE5FAA283524F700C71F9B /* VersionAPI.swift */ = {isa = PBXFileReference; lastKnownFileType = sourcecode.swift; path = VersionAPI.swift; sourceTree = "<group>"; };
		A1AE5FAE2835AB3100C71F9B /* FirebaseError.swift */ = {isa = PBXFileReference; lastKnownFileType = sourcecode.swift; path = FirebaseError.swift; sourceTree = "<group>"; };
		A1AE5FB12837BE9000C71F9B /* MainTab.swift */ = {isa = PBXFileReference; lastKnownFileType = sourcecode.swift; path = MainTab.swift; sourceTree = "<group>"; };
		A1AE5FB32837BEBF00C71F9B /* MainTabBarController.swift */ = {isa = PBXFileReference; lastKnownFileType = sourcecode.swift; path = MainTabBarController.swift; sourceTree = "<group>"; };
		A1AE5FB52837BF2A00C71F9B /* MainTabViewModel.swift */ = {isa = PBXFileReference; lastKnownFileType = sourcecode.swift; path = MainTabViewModel.swift; sourceTree = "<group>"; };
		A1AE5FB72837D7F100C71F9B /* BMHANNA_11yrs_ttf.ttf */ = {isa = PBXFileReference; lastKnownFileType = file; path = BMHANNA_11yrs_ttf.ttf; sourceTree = "<group>"; };
		A1AE5FC7283B669400C71F9B /* CategoryListViewController.swift */ = {isa = PBXFileReference; lastKnownFileType = sourcecode.swift; path = CategoryListViewController.swift; sourceTree = "<group>"; };
		A1AE5FCC283B767D00C71F9B /* BaseViewController.swift */ = {isa = PBXFileReference; lastKnownFileType = sourcecode.swift; path = BaseViewController.swift; sourceTree = "<group>"; };
		A1AE5FCE283B852000C71F9B /* CategoryListReactor.swift */ = {isa = PBXFileReference; lastKnownFileType = sourcecode.swift; path = CategoryListReactor.swift; sourceTree = "<group>"; };
		A1AE5FD0283B854B00C71F9B /* CategoryUseCase.swift */ = {isa = PBXFileReference; lastKnownFileType = sourcecode.swift; path = CategoryUseCase.swift; sourceTree = "<group>"; };
		A1AE5FD2283B858700C71F9B /* CategoryRepository.swift */ = {isa = PBXFileReference; lastKnownFileType = sourcecode.swift; path = CategoryRepository.swift; sourceTree = "<group>"; };
		A1AE5FD4283B859A00C71F9B /* CategoryRepositoryImpl.swift */ = {isa = PBXFileReference; lastKnownFileType = sourcecode.swift; path = CategoryRepositoryImpl.swift; sourceTree = "<group>"; };
		A1B5F06E283270890098DF44 /* DevSheet.app */ = {isa = PBXFileReference; explicitFileType = wrapper.application; includeInIndex = 0; path = DevSheet.app; sourceTree = BUILT_PRODUCTS_DIR; };
		A1B5F071283270890098DF44 /* AppDelegate.swift */ = {isa = PBXFileReference; lastKnownFileType = sourcecode.swift; path = AppDelegate.swift; sourceTree = "<group>"; };
		A1B5F073283270890098DF44 /* SceneDelegate.swift */ = {isa = PBXFileReference; lastKnownFileType = sourcecode.swift; path = SceneDelegate.swift; sourceTree = "<group>"; };
		A1B5F075283270890098DF44 /* SplashViewController.swift */ = {isa = PBXFileReference; lastKnownFileType = sourcecode.swift; path = SplashViewController.swift; sourceTree = "<group>"; };
		A1B5F07A2832708B0098DF44 /* Assets.xcassets */ = {isa = PBXFileReference; lastKnownFileType = folder.assetcatalog; path = Assets.xcassets; sourceTree = "<group>"; };
		A1B5F07D2832708B0098DF44 /* Base */ = {isa = PBXFileReference; lastKnownFileType = file.storyboard; name = Base; path = Base.lproj/LaunchScreen.storyboard; sourceTree = "<group>"; };
		A1B5F07F2832708B0098DF44 /* Info.plist */ = {isa = PBXFileReference; lastKnownFileType = text.plist.xml; path = Info.plist; sourceTree = "<group>"; };
		A1B5F0842832708B0098DF44 /* DevSheetTests.xctest */ = {isa = PBXFileReference; explicitFileType = wrapper.cfbundle; includeInIndex = 0; path = DevSheetTests.xctest; sourceTree = BUILT_PRODUCTS_DIR; };
		A1B5F0882832708B0098DF44 /* DevSheetTests.swift */ = {isa = PBXFileReference; lastKnownFileType = sourcecode.swift; path = DevSheetTests.swift; sourceTree = "<group>"; };
		A1B5F08E2832708B0098DF44 /* DevSheetUITests.xctest */ = {isa = PBXFileReference; explicitFileType = wrapper.cfbundle; includeInIndex = 0; path = DevSheetUITests.xctest; sourceTree = BUILT_PRODUCTS_DIR; };
		A1B5F0922832708B0098DF44 /* DevSheetUITests.swift */ = {isa = PBXFileReference; lastKnownFileType = sourcecode.swift; path = DevSheetUITests.swift; sourceTree = "<group>"; };
		A1B5F0942832708B0098DF44 /* DevSheetUITestsLaunchTests.swift */ = {isa = PBXFileReference; lastKnownFileType = sourcecode.swift; path = DevSheetUITestsLaunchTests.swift; sourceTree = "<group>"; };
		A1B5F0AB28327E850098DF44 /* DIContainer.swift */ = {isa = PBXFileReference; lastKnownFileType = sourcecode.swift; path = DIContainer.swift; sourceTree = "<group>"; };
		A1B5F0AF283282DF0098DF44 /* GoogleService-Info.plist */ = {isa = PBXFileReference; fileEncoding = 4; lastKnownFileType = text.plist.xml; path = "GoogleService-Info.plist"; sourceTree = "<group>"; };
		A1B5F0C728328A460098DF44 /* .swiftlint.yml */ = {isa = PBXFileReference; lastKnownFileType = text.yaml; path = .swiftlint.yml; sourceTree = "<group>"; };
		A1B5F0CF2833DA630098DF44 /* VersionRepository.swift */ = {isa = PBXFileReference; lastKnownFileType = sourcecode.swift; path = VersionRepository.swift; sourceTree = "<group>"; };
		A1B5F0D12833DA790098DF44 /* VersionUseCase.swift */ = {isa = PBXFileReference; lastKnownFileType = sourcecode.swift; path = VersionUseCase.swift; sourceTree = "<group>"; };
		A1B5F0D32833DAA70098DF44 /* VersionRepositoryImpl.swift */ = {isa = PBXFileReference; lastKnownFileType = sourcecode.swift; path = VersionRepositoryImpl.swift; sourceTree = "<group>"; };
		A1B5F0D728350E5C0098DF44 /* SplashReactor.swift */ = {isa = PBXFileReference; lastKnownFileType = sourcecode.swift; path = SplashReactor.swift; sourceTree = "<group>"; };
		A1B5F0D9283510A10098DF44 /* FirebaseService.swift */ = {isa = PBXFileReference; lastKnownFileType = sourcecode.swift; path = FirebaseService.swift; sourceTree = "<group>"; };
		C8408F3302BC60984C43F8A7 /* Pods-DevSheet.release.xcconfig */ = {isa = PBXFileReference; includeInIndex = 1; lastKnownFileType = text.xcconfig; name = "Pods-DevSheet.release.xcconfig"; path = "Target Support Files/Pods-DevSheet/Pods-DevSheet.release.xcconfig"; sourceTree = "<group>"; };
		C8FF06B1091204C654677569 /* Pods-DevSheet.debug.xcconfig */ = {isa = PBXFileReference; includeInIndex = 1; lastKnownFileType = text.xcconfig; name = "Pods-DevSheet.debug.xcconfig"; path = "Target Support Files/Pods-DevSheet/Pods-DevSheet.debug.xcconfig"; sourceTree = "<group>"; };
		D452118333473B498B608307 /* Pods-DevSheet-DevSheetUITests.debug.xcconfig */ = {isa = PBXFileReference; includeInIndex = 1; lastKnownFileType = text.xcconfig; name = "Pods-DevSheet-DevSheetUITests.debug.xcconfig"; path = "Target Support Files/Pods-DevSheet-DevSheetUITests/Pods-DevSheet-DevSheetUITests.debug.xcconfig"; sourceTree = "<group>"; };
		FD29BC64A1226723D5AFEC14 /* Pods_DevSheetTests.framework */ = {isa = PBXFileReference; explicitFileType = wrapper.framework; includeInIndex = 0; path = Pods_DevSheetTests.framework; sourceTree = BUILT_PRODUCTS_DIR; };
/* End PBXFileReference section */

/* Begin PBXFrameworksBuildPhase section */
		A1B5F06B283270890098DF44 /* Frameworks */ = {
			isa = PBXFrameworksBuildPhase;
			buildActionMask = 2147483647;
			files = (
				A1B5F0BF283284CD0098DF44 /* FirebaseDatabaseSwift in Frameworks */,
				A1B5F0B5283284CD0098DF44 /* FirebaseAnalyticsSwift in Frameworks */,
				A1B5F0B9283284CD0098DF44 /* FirebaseAuth in Frameworks */,
				A1B5F0B3283284CD0098DF44 /* FirebaseAnalytics in Frameworks */,
				A1B5F0BB283284CD0098DF44 /* FirebaseCrashlytics in Frameworks */,
				A1B5F0C3283284CD0098DF44 /* FirebaseFirestoreSwift in Frameworks */,
				A1B5F0C1283284CD0098DF44 /* FirebaseFirestore in Frameworks */,
				DC349FBF1F19D28271067F49 /* Pods_DevSheet.framework in Frameworks */,
				A1B5F0C5283284CD0098DF44 /* FirebaseStorage in Frameworks */,
				A1B5F0BD283284CD0098DF44 /* FirebaseDatabase in Frameworks */,
				A1B5F0B7283284CD0098DF44 /* FirebaseAnalyticsWithoutAdIdSupport in Frameworks */,
			);
			runOnlyForDeploymentPostprocessing = 0;
		};
		A1B5F0812832708B0098DF44 /* Frameworks */ = {
			isa = PBXFrameworksBuildPhase;
			buildActionMask = 2147483647;
			files = (
				EB87334F0F63E2BC3A6BEADB /* Pods_DevSheetTests.framework in Frameworks */,
			);
			runOnlyForDeploymentPostprocessing = 0;
		};
		A1B5F08B2832708B0098DF44 /* Frameworks */ = {
			isa = PBXFrameworksBuildPhase;
			buildActionMask = 2147483647;
			files = (
				DC9ED303FD5BBE58A2930920 /* Pods_DevSheet_DevSheetUITests.framework in Frameworks */,
			);
			runOnlyForDeploymentPostprocessing = 0;
		};
/* End PBXFrameworksBuildPhase section */

/* Begin PBXGroup section */
		9AF9BEC1DE675A223AD83791 /* Frameworks */ = {
			isa = PBXGroup;
			children = (
				5A8464C150945B55D7526BBD /* Pods_DevSheet.framework */,
				9EE7855CE8F624998618C615 /* Pods_DevSheet_DevSheetUITests.framework */,
				FD29BC64A1226723D5AFEC14 /* Pods_DevSheetTests.framework */,
			);
			name = Frameworks;
			sourceTree = "<group>";
		};
		A12B90F728438C9000156AA7 /* AnswerDetail */ = {
			isa = PBXGroup;
			children = (
				A12B90F928438D1F00156AA7 /* AnswerDetailViewController.swift */,
				A12B90FB28438D2B00156AA7 /* AnswerDetailReactor.swift */,
			);
			path = AnswerDetail;
			sourceTree = "<group>";
		};
		A12B90F828438C9D00156AA7 /* Answer */ = {
			isa = PBXGroup;
			children = (
				A12B910128438D4F00156AA7 /* AnswerRepository.swift */,
				A12B90FD28438D3E00156AA7 /* AnswerUseCase.swift */,
				A12B90FF28438D4600156AA7 /* Answer.swift */,
			);
			path = Answer;
			sourceTree = "<group>";
		};
		A151BEBA28427310002780F5 /* QuestionList */ = {
			isa = PBXGroup;
			children = (
				A151BEBC28427342002780F5 /* QuestionListViewController.swift */,
				A151BEBE2842734C002780F5 /* QuestionListReactor.swift */,
				A151BEC02842735E002780F5 /* QuestionListCell.swift */,
			);
			path = QuestionList;
			sourceTree = "<group>";
		};
		A151BEBB28427325002780F5 /* Question */ = {
			isa = PBXGroup;
			children = (
				A151BEC92842739A002780F5 /* QuestionRepository.swift */,
				A151BEC72842738E002780F5 /* QuestionUseCase.swift */,
				A151BEC528427381002780F5 /* QuestionListSection.swift */,
				A151BEC22842736D002780F5 /* Question.swift */,
			);
			path = Question;
			sourceTree = "<group>";
		};
		A1634A3B283B9DC300403498 /* DTO */ = {
			isa = PBXGroup;
			children = (
				A1634A3C283B9DE100403498 /* VersionDTO.swift */,
				A1634A3E283B9DFF00403498 /* CategoryDTO.swift */,
				A151BECF284279A9002780F5 /* QuestionDTO.swift */,
				A12B91072843907E00156AA7 /* AnswerDTO.swift */,
			);
			path = DTO;
			sourceTree = "<group>";
		};
		A1634A44283D030100403498 /* Common */ = {
			isa = PBXGroup;
			children = (
				A1634A45283D030A00403498 /* Extension */,
			);
			path = Common;
			sourceTree = "<group>";
		};
		A1634A45283D030A00403498 /* Extension */ = {
			isa = PBXGroup;
			children = (
				A1634A46283D035D00403498 /* CALayer+.swift */,
				A12B9109284399A800156AA7 /* Date+.swift */,
			);
			path = Extension;
			sourceTree = "<group>";
		};
		A189E632284B7063008D86F1 /* Sheet */ = {
			isa = PBXGroup;
			children = (
				A189E633284B7074008D86F1 /* SheetUseCase.swift */,
				A12B910D284B1E8E00156AA7 /* SheetEditMode.swift */,
				A189E635284C6A46008D86F1 /* SheetError.swift */,
			);
			path = Sheet;
			sourceTree = "<group>";
		};
		A1A35CA728433DED0047AF82 /* EditSheet */ = {
			isa = PBXGroup;
			children = (
				A1A35CA828433E080047AF82 /* EditSheetViewController.swift */,
				A12B90F52843858C00156AA7 /* EditSheetReactor.swift */,
			);
			path = EditSheet;
			sourceTree = "<group>";
		};
		A1AE5FA7283524B500C71F9B /* API */ = {
			isa = PBXGroup;
			children = (
				A1AE5FA8283524C700C71F9B /* ServiceAPI.swift */,
				A1AE5FAA283524F700C71F9B /* VersionAPI.swift */,
				A1634A35283B93E700403498 /* CategoryAPI.swift */,
				A151BECD284273C1002780F5 /* QuestionAPI.swift */,
				A12B910528438F1700156AA7 /* AnswerAPI.swift */,
			);
			path = API;
			sourceTree = "<group>";
		};
		A1AE5FB02837BE4000C71F9B /* MainTab */ = {
			isa = PBXGroup;
			children = (
				A1AE5FB12837BE9000C71F9B /* MainTab.swift */,
				A1AE5FB32837BEBF00C71F9B /* MainTabBarController.swift */,
				A1AE5FB52837BF2A00C71F9B /* MainTabViewModel.swift */,
			);
			path = MainTab;
			sourceTree = "<group>";
		};
		A1AE5FC3283B627500C71F9B /* CategoryList */ = {
			isa = PBXGroup;
			children = (
				A1AE5FC7283B669400C71F9B /* CategoryListViewController.swift */,
				A1AE5FCE283B852000C71F9B /* CategoryListReactor.swift */,
				A151BEB8283D1C14002780F5 /* CategoryListCell.swift */,
			);
			path = CategoryList;
			sourceTree = "<group>";
		};
		A1AE5FC6283B635500C71F9B /* Category */ = {
			isa = PBXGroup;
			children = (
				A1AE5FD2283B858700C71F9B /* CategoryRepository.swift */,
				A1AE5FD0283B854B00C71F9B /* CategoryUseCase.swift */,
				A151BEB4283D1877002780F5 /* CategoryListSection.swift */,
				A1634A39283B9B4000403498 /* Category.swift */,
			);
			path = Category;
			sourceTree = "<group>";
		};
		A1AE5FCB283B766800C71F9B /* Base */ = {
			isa = PBXGroup;
			children = (
				A1AE5FCC283B767D00C71F9B /* BaseViewController.swift */,
				A12B90F32843776100156AA7 /* BaseTableViewCell.swift */,
			);
			path = Base;
			sourceTree = "<group>";
		};
		A1B5F065283270890098DF44 = {
			isa = PBXGroup;
			children = (
				A1B5F0C728328A460098DF44 /* .swiftlint.yml */,
				A1B5F070283270890098DF44 /* DevSheet */,
				A1B5F0872832708B0098DF44 /* DevSheetTests */,
				A1B5F0912832708B0098DF44 /* DevSheetUITests */,
				A1B5F06F283270890098DF44 /* Products */,
				F99E7A275E2E00021361AFE7 /* Pods */,
				9AF9BEC1DE675A223AD83791 /* Frameworks */,
			);
			sourceTree = "<group>";
		};
		A1B5F06F283270890098DF44 /* Products */ = {
			isa = PBXGroup;
			children = (
				A1B5F06E283270890098DF44 /* DevSheet.app */,
				A1B5F0842832708B0098DF44 /* DevSheetTests.xctest */,
				A1B5F08E2832708B0098DF44 /* DevSheetUITests.xctest */,
			);
			name = Products;
			sourceTree = "<group>";
		};
		A1B5F070283270890098DF44 /* DevSheet */ = {
			isa = PBXGroup;
			children = (
				A1B5F0AF283282DF0098DF44 /* GoogleService-Info.plist */,
				A1B5F07F2832708B0098DF44 /* Info.plist */,
				A1B5F0A7283276280098DF44 /* Resources */,
				A1B5F0A8283276380098DF44 /* Sources */,
			);
			path = DevSheet;
			sourceTree = "<group>";
		};
		A1B5F0872832708B0098DF44 /* DevSheetTests */ = {
			isa = PBXGroup;
			children = (
				A1B5F0882832708B0098DF44 /* DevSheetTests.swift */,
			);
			path = DevSheetTests;
			sourceTree = "<group>";
		};
		A1B5F0912832708B0098DF44 /* DevSheetUITests */ = {
			isa = PBXGroup;
			children = (
				A1B5F0922832708B0098DF44 /* DevSheetUITests.swift */,
				A1B5F0942832708B0098DF44 /* DevSheetUITestsLaunchTests.swift */,
			);
			path = DevSheetUITests;
			sourceTree = "<group>";
		};
		A1B5F0A7283276280098DF44 /* Resources */ = {
			isa = PBXGroup;
			children = (
				A1AE5FB72837D7F100C71F9B /* BMHANNA_11yrs_ttf.ttf */,
				A1B5F07A2832708B0098DF44 /* Assets.xcassets */,
				A1B5F07C2832708B0098DF44 /* LaunchScreen.storyboard */,
			);
			path = Resources;
			sourceTree = "<group>";
		};
		A1B5F0A8283276380098DF44 /* Sources */ = {
			isa = PBXGroup;
			children = (
				A1634A44283D030100403498 /* Common */,
				A1B5F0A928327E4A0098DF44 /* App */,
				A1B5F0CA2833D9A70098DF44 /* Data */,
				A1B5F0CB2833D9BF0098DF44 /* Domain */,
				A1B5F0AD28327F040098DF44 /* Presentation */,
			);
			path = Sources;
			sourceTree = "<group>";
		};
		A1B5F0A928327E4A0098DF44 /* App */ = {
			isa = PBXGroup;
			children = (
				A1B5F071283270890098DF44 /* AppDelegate.swift */,
				A1B5F073283270890098DF44 /* SceneDelegate.swift */,
				A1B5F0AA28327E6C0098DF44 /* DI */,
			);
			path = App;
			sourceTree = "<group>";
		};
		A1B5F0AA28327E6C0098DF44 /* DI */ = {
			isa = PBXGroup;
			children = (
				A1B5F0AB28327E850098DF44 /* DIContainer.swift */,
			);
			path = DI;
			sourceTree = "<group>";
		};
		A1B5F0AD28327F040098DF44 /* Presentation */ = {
			isa = PBXGroup;
			children = (
				A12B90F728438C9000156AA7 /* AnswerDetail */,
				A1A35CA728433DED0047AF82 /* EditSheet */,
				A151BEBA28427310002780F5 /* QuestionList */,
				A1AE5FC3283B627500C71F9B /* CategoryList */,
				A1AE5FB02837BE4000C71F9B /* MainTab */,
				A1B5F0AE28327F150098DF44 /* Splash */,
				A1AE5FCB283B766800C71F9B /* Base */,
			);
			path = Presentation;
			sourceTree = "<group>";
		};
		A1B5F0AE28327F150098DF44 /* Splash */ = {
			isa = PBXGroup;
			children = (
				A1B5F075283270890098DF44 /* SplashViewController.swift */,
				A1B5F0D728350E5C0098DF44 /* SplashReactor.swift */,
			);
			path = Splash;
			sourceTree = "<group>";
		};
		A1B5F0CA2833D9A70098DF44 /* Data */ = {
			isa = PBXGroup;
			children = (
				A1634A3B283B9DC300403498 /* DTO */,
				A1B5F0D52833DABB0098DF44 /* Firebase */,
				A1B5F0CD2833D9DC0098DF44 /* Repository */,
			);
			path = Data;
			sourceTree = "<group>";
		};
		A1B5F0CB2833D9BF0098DF44 /* Domain */ = {
			isa = PBXGroup;
			children = (
				A189E632284B7063008D86F1 /* Sheet */,
				A12B90F828438C9D00156AA7 /* Answer */,
				A151BEBB28427325002780F5 /* Question */,
				A1AE5FC6283B635500C71F9B /* Category */,
				A1B5F0CE2833DA4A0098DF44 /* Version */,
			);
			path = Domain;
			sourceTree = "<group>";
		};
		A1B5F0CD2833D9DC0098DF44 /* Repository */ = {
			isa = PBXGroup;
			children = (
				A1B5F0D32833DAA70098DF44 /* VersionRepositoryImpl.swift */,
				A1AE5FD4283B859A00C71F9B /* CategoryRepositoryImpl.swift */,
				A151BECB284273B7002780F5 /* QuestionRepositoryImpl.swift */,
				A12B910328438D6B00156AA7 /* AnswerRepositoryImpl.swift */,
			);
			path = Repository;
			sourceTree = "<group>";
		};
		A1B5F0CE2833DA4A0098DF44 /* Version */ = {
			isa = PBXGroup;
			children = (
				A1B5F0CF2833DA630098DF44 /* VersionRepository.swift */,
				A1B5F0D12833DA790098DF44 /* VersionUseCase.swift */,
				A1634A40283B9E9400403498 /* Version.swift */,
			);
			path = Version;
			sourceTree = "<group>";
		};
		A1B5F0D52833DABB0098DF44 /* Firebase */ = {
			isa = PBXGroup;
			children = (
				A1AE5FA7283524B500C71F9B /* API */,
				A1B5F0D9283510A10098DF44 /* FirebaseService.swift */,
				A1AE5FAE2835AB3100C71F9B /* FirebaseError.swift */,
			);
			path = Firebase;
			sourceTree = "<group>";
		};
		F99E7A275E2E00021361AFE7 /* Pods */ = {
			isa = PBXGroup;
			children = (
				C8FF06B1091204C654677569 /* Pods-DevSheet.debug.xcconfig */,
				C8408F3302BC60984C43F8A7 /* Pods-DevSheet.release.xcconfig */,
				D452118333473B498B608307 /* Pods-DevSheet-DevSheetUITests.debug.xcconfig */,
				778AAA77B9C7472AAEC3F477 /* Pods-DevSheet-DevSheetUITests.release.xcconfig */,
				1A84A0F1A71943029E082592 /* Pods-DevSheetTests.debug.xcconfig */,
				8C681EB0F81107A551EA4192 /* Pods-DevSheetTests.release.xcconfig */,
			);
			path = Pods;
			sourceTree = "<group>";
		};
/* End PBXGroup section */

/* Begin PBXNativeTarget section */
		A1B5F06D283270890098DF44 /* DevSheet */ = {
			isa = PBXNativeTarget;
			buildConfigurationList = A1B5F0982832708B0098DF44 /* Build configuration list for PBXNativeTarget "DevSheet" */;
			buildPhases = (
				D0DF2EF0BB3E134FBB985E88 /* [CP] Check Pods Manifest.lock */,
				A1B5F06A283270890098DF44 /* Sources */,
				A1B5F06B283270890098DF44 /* Frameworks */,
				A1B5F06C283270890098DF44 /* Resources */,
				1113827B9E5ECCEDFF5DCE8F /* [CP] Embed Pods Frameworks */,
				A1B5F0C6283289C70098DF44 /* ShellScript */,
				A1B5F0C92833D0B20098DF44 /* ShellScript */,
			);
			buildRules = (
			);
			dependencies = (
			);
			name = DevSheet;
			packageProductDependencies = (
				A1B5F0B2283284CD0098DF44 /* FirebaseAnalytics */,
				A1B5F0B4283284CD0098DF44 /* FirebaseAnalyticsSwift */,
				A1B5F0B6283284CD0098DF44 /* FirebaseAnalyticsWithoutAdIdSupport */,
				A1B5F0B8283284CD0098DF44 /* FirebaseAuth */,
				A1B5F0BA283284CD0098DF44 /* FirebaseCrashlytics */,
				A1B5F0BC283284CD0098DF44 /* FirebaseDatabase */,
				A1B5F0BE283284CD0098DF44 /* FirebaseDatabaseSwift */,
				A1B5F0C0283284CD0098DF44 /* FirebaseFirestore */,
				A1B5F0C2283284CD0098DF44 /* FirebaseFirestoreSwift */,
				A1B5F0C4283284CD0098DF44 /* FirebaseStorage */,
			);
			productName = DevSheet;
			productReference = A1B5F06E283270890098DF44 /* DevSheet.app */;
			productType = "com.apple.product-type.application";
		};
		A1B5F0832832708B0098DF44 /* DevSheetTests */ = {
			isa = PBXNativeTarget;
			buildConfigurationList = A1B5F09B2832708B0098DF44 /* Build configuration list for PBXNativeTarget "DevSheetTests" */;
			buildPhases = (
				95279E9BD1D77CF4702F2CE1 /* [CP] Check Pods Manifest.lock */,
				A1B5F0802832708B0098DF44 /* Sources */,
				A1B5F0812832708B0098DF44 /* Frameworks */,
				A1B5F0822832708B0098DF44 /* Resources */,
				09DA5D9E6700A46A4E6E98FE /* [CP] Embed Pods Frameworks */,
			);
			buildRules = (
			);
			dependencies = (
				A1B5F0862832708B0098DF44 /* PBXTargetDependency */,
			);
			name = DevSheetTests;
			productName = DevSheetTests;
			productReference = A1B5F0842832708B0098DF44 /* DevSheetTests.xctest */;
			productType = "com.apple.product-type.bundle.unit-test";
		};
		A1B5F08D2832708B0098DF44 /* DevSheetUITests */ = {
			isa = PBXNativeTarget;
			buildConfigurationList = A1B5F09E2832708B0098DF44 /* Build configuration list for PBXNativeTarget "DevSheetUITests" */;
			buildPhases = (
				135EC9B09763BA362B327F4A /* [CP] Check Pods Manifest.lock */,
				A1B5F08A2832708B0098DF44 /* Sources */,
				A1B5F08B2832708B0098DF44 /* Frameworks */,
				A1B5F08C2832708B0098DF44 /* Resources */,
				E6976BB6B7D11C57A7C93CE4 /* [CP] Embed Pods Frameworks */,
			);
			buildRules = (
			);
			dependencies = (
				A1B5F0902832708B0098DF44 /* PBXTargetDependency */,
			);
			name = DevSheetUITests;
			productName = DevSheetUITests;
			productReference = A1B5F08E2832708B0098DF44 /* DevSheetUITests.xctest */;
			productType = "com.apple.product-type.bundle.ui-testing";
		};
/* End PBXNativeTarget section */

/* Begin PBXProject section */
		A1B5F066283270890098DF44 /* Project object */ = {
			isa = PBXProject;
			attributes = {
				BuildIndependentTargetsInParallel = 1;
				LastSwiftUpdateCheck = 1320;
				LastUpgradeCheck = 1320;
				TargetAttributes = {
					A1B5F06D283270890098DF44 = {
						CreatedOnToolsVersion = 13.2.1;
					};
					A1B5F0832832708B0098DF44 = {
						CreatedOnToolsVersion = 13.2.1;
						TestTargetID = A1B5F06D283270890098DF44;
					};
					A1B5F08D2832708B0098DF44 = {
						CreatedOnToolsVersion = 13.2.1;
						TestTargetID = A1B5F06D283270890098DF44;
					};
				};
			};
			buildConfigurationList = A1B5F069283270890098DF44 /* Build configuration list for PBXProject "DevSheet" */;
			compatibilityVersion = "Xcode 13.0";
			developmentRegion = en;
			hasScannedForEncodings = 0;
			knownRegions = (
				en,
				Base,
			);
			mainGroup = A1B5F065283270890098DF44;
			packageReferences = (
				A1B5F0B1283284CD0098DF44 /* XCRemoteSwiftPackageReference "firebase-ios-sdk" */,
			);
			productRefGroup = A1B5F06F283270890098DF44 /* Products */;
			projectDirPath = "";
			projectRoot = "";
			targets = (
				A1B5F06D283270890098DF44 /* DevSheet */,
				A1B5F0832832708B0098DF44 /* DevSheetTests */,
				A1B5F08D2832708B0098DF44 /* DevSheetUITests */,
			);
		};
/* End PBXProject section */

/* Begin PBXResourcesBuildPhase section */
		A1B5F06C283270890098DF44 /* Resources */ = {
			isa = PBXResourcesBuildPhase;
			buildActionMask = 2147483647;
			files = (
				A1B5F0C828328A460098DF44 /* .swiftlint.yml in Resources */,
				A1B5F07E2832708B0098DF44 /* LaunchScreen.storyboard in Resources */,
				A1AE5FB82837D7F100C71F9B /* BMHANNA_11yrs_ttf.ttf in Resources */,
				A1B5F07B2832708B0098DF44 /* Assets.xcassets in Resources */,
				A1B5F0B0283282DF0098DF44 /* GoogleService-Info.plist in Resources */,
			);
			runOnlyForDeploymentPostprocessing = 0;
		};
		A1B5F0822832708B0098DF44 /* Resources */ = {
			isa = PBXResourcesBuildPhase;
			buildActionMask = 2147483647;
			files = (
			);
			runOnlyForDeploymentPostprocessing = 0;
		};
		A1B5F08C2832708B0098DF44 /* Resources */ = {
			isa = PBXResourcesBuildPhase;
			buildActionMask = 2147483647;
			files = (
			);
			runOnlyForDeploymentPostprocessing = 0;
		};
/* End PBXResourcesBuildPhase section */

/* Begin PBXShellScriptBuildPhase section */
		09DA5D9E6700A46A4E6E98FE /* [CP] Embed Pods Frameworks */ = {
			isa = PBXShellScriptBuildPhase;
			buildActionMask = 2147483647;
			files = (
			);
			inputFileListPaths = (
				"${PODS_ROOT}/Target Support Files/Pods-DevSheetTests/Pods-DevSheetTests-frameworks-${CONFIGURATION}-input-files.xcfilelist",
			);
			name = "[CP] Embed Pods Frameworks";
			outputFileListPaths = (
				"${PODS_ROOT}/Target Support Files/Pods-DevSheetTests/Pods-DevSheetTests-frameworks-${CONFIGURATION}-output-files.xcfilelist",
			);
			runOnlyForDeploymentPostprocessing = 0;
			shellPath = /bin/sh;
			shellScript = "\"${PODS_ROOT}/Target Support Files/Pods-DevSheetTests/Pods-DevSheetTests-frameworks.sh\"\n";
			showEnvVarsInLog = 0;
		};
		1113827B9E5ECCEDFF5DCE8F /* [CP] Embed Pods Frameworks */ = {
			isa = PBXShellScriptBuildPhase;
			buildActionMask = 2147483647;
			files = (
			);
			inputFileListPaths = (
				"${PODS_ROOT}/Target Support Files/Pods-DevSheet/Pods-DevSheet-frameworks-${CONFIGURATION}-input-files.xcfilelist",
			);
			name = "[CP] Embed Pods Frameworks";
			outputFileListPaths = (
				"${PODS_ROOT}/Target Support Files/Pods-DevSheet/Pods-DevSheet-frameworks-${CONFIGURATION}-output-files.xcfilelist",
			);
			runOnlyForDeploymentPostprocessing = 0;
			shellPath = /bin/sh;
			shellScript = "\"${PODS_ROOT}/Target Support Files/Pods-DevSheet/Pods-DevSheet-frameworks.sh\"\n";
			showEnvVarsInLog = 0;
		};
		135EC9B09763BA362B327F4A /* [CP] Check Pods Manifest.lock */ = {
			isa = PBXShellScriptBuildPhase;
			buildActionMask = 2147483647;
			files = (
			);
			inputFileListPaths = (
			);
			inputPaths = (
				"${PODS_PODFILE_DIR_PATH}/Podfile.lock",
				"${PODS_ROOT}/Manifest.lock",
			);
			name = "[CP] Check Pods Manifest.lock";
			outputFileListPaths = (
			);
			outputPaths = (
				"$(DERIVED_FILE_DIR)/Pods-DevSheet-DevSheetUITests-checkManifestLockResult.txt",
			);
			runOnlyForDeploymentPostprocessing = 0;
			shellPath = /bin/sh;
			shellScript = "diff \"${PODS_PODFILE_DIR_PATH}/Podfile.lock\" \"${PODS_ROOT}/Manifest.lock\" > /dev/null\nif [ $? != 0 ] ; then\n    # print error to STDERR\n    echo \"error: The sandbox is not in sync with the Podfile.lock. Run 'pod install' or update your CocoaPods installation.\" >&2\n    exit 1\nfi\n# This output is used by Xcode 'outputs' to avoid re-running this script phase.\necho \"SUCCESS\" > \"${SCRIPT_OUTPUT_FILE_0}\"\n";
			showEnvVarsInLog = 0;
		};
		95279E9BD1D77CF4702F2CE1 /* [CP] Check Pods Manifest.lock */ = {
			isa = PBXShellScriptBuildPhase;
			buildActionMask = 2147483647;
			files = (
			);
			inputFileListPaths = (
			);
			inputPaths = (
				"${PODS_PODFILE_DIR_PATH}/Podfile.lock",
				"${PODS_ROOT}/Manifest.lock",
			);
			name = "[CP] Check Pods Manifest.lock";
			outputFileListPaths = (
			);
			outputPaths = (
				"$(DERIVED_FILE_DIR)/Pods-DevSheetTests-checkManifestLockResult.txt",
			);
			runOnlyForDeploymentPostprocessing = 0;
			shellPath = /bin/sh;
			shellScript = "diff \"${PODS_PODFILE_DIR_PATH}/Podfile.lock\" \"${PODS_ROOT}/Manifest.lock\" > /dev/null\nif [ $? != 0 ] ; then\n    # print error to STDERR\n    echo \"error: The sandbox is not in sync with the Podfile.lock. Run 'pod install' or update your CocoaPods installation.\" >&2\n    exit 1\nfi\n# This output is used by Xcode 'outputs' to avoid re-running this script phase.\necho \"SUCCESS\" > \"${SCRIPT_OUTPUT_FILE_0}\"\n";
			showEnvVarsInLog = 0;
		};
		A1B5F0C6283289C70098DF44 /* ShellScript */ = {
			isa = PBXShellScriptBuildPhase;
			buildActionMask = 2147483647;
			files = (
			);
			inputFileListPaths = (
			);
			inputPaths = (
			);
			outputFileListPaths = (
			);
			outputPaths = (
			);
			runOnlyForDeploymentPostprocessing = 0;
			shellPath = /bin/sh;
			shellScript = "${PODS_ROOT}/SwiftLint/swiftlint\n";
		};
		A1B5F0C92833D0B20098DF44 /* ShellScript */ = {
			isa = PBXShellScriptBuildPhase;
			buildActionMask = 2147483647;
			files = (
			);
			inputFileListPaths = (
			);
			inputPaths = (
				"${DWARF_DSYM_FOLDER_PATH}/${DWARF_DSYM_FILE_NAME}/Contents/Resources/DWARF/${TARGET_NAME}",
				"$(SRCROOT)/$(BUILT_PRODUCTS_DIR)/$(INFOPLIST_PATH)",
			);
			outputFileListPaths = (
			);
			outputPaths = (
			);
			runOnlyForDeploymentPostprocessing = 0;
			shellPath = /bin/sh;
			shellScript = "\"${BUILD_DIR%/Build/*}/SourcePackages/checkouts/firebase-ios-sdk/Crashlytics/run\"\n";
		};
		D0DF2EF0BB3E134FBB985E88 /* [CP] Check Pods Manifest.lock */ = {
			isa = PBXShellScriptBuildPhase;
			buildActionMask = 2147483647;
			files = (
			);
			inputFileListPaths = (
			);
			inputPaths = (
				"${PODS_PODFILE_DIR_PATH}/Podfile.lock",
				"${PODS_ROOT}/Manifest.lock",
			);
			name = "[CP] Check Pods Manifest.lock";
			outputFileListPaths = (
			);
			outputPaths = (
				"$(DERIVED_FILE_DIR)/Pods-DevSheet-checkManifestLockResult.txt",
			);
			runOnlyForDeploymentPostprocessing = 0;
			shellPath = /bin/sh;
			shellScript = "diff \"${PODS_PODFILE_DIR_PATH}/Podfile.lock\" \"${PODS_ROOT}/Manifest.lock\" > /dev/null\nif [ $? != 0 ] ; then\n    # print error to STDERR\n    echo \"error: The sandbox is not in sync with the Podfile.lock. Run 'pod install' or update your CocoaPods installation.\" >&2\n    exit 1\nfi\n# This output is used by Xcode 'outputs' to avoid re-running this script phase.\necho \"SUCCESS\" > \"${SCRIPT_OUTPUT_FILE_0}\"\n";
			showEnvVarsInLog = 0;
		};
		E6976BB6B7D11C57A7C93CE4 /* [CP] Embed Pods Frameworks */ = {
			isa = PBXShellScriptBuildPhase;
			buildActionMask = 2147483647;
			files = (
			);
			inputFileListPaths = (
				"${PODS_ROOT}/Target Support Files/Pods-DevSheet-DevSheetUITests/Pods-DevSheet-DevSheetUITests-frameworks-${CONFIGURATION}-input-files.xcfilelist",
			);
			name = "[CP] Embed Pods Frameworks";
			outputFileListPaths = (
				"${PODS_ROOT}/Target Support Files/Pods-DevSheet-DevSheetUITests/Pods-DevSheet-DevSheetUITests-frameworks-${CONFIGURATION}-output-files.xcfilelist",
			);
			runOnlyForDeploymentPostprocessing = 0;
			shellPath = /bin/sh;
			shellScript = "\"${PODS_ROOT}/Target Support Files/Pods-DevSheet-DevSheetUITests/Pods-DevSheet-DevSheetUITests-frameworks.sh\"\n";
			showEnvVarsInLog = 0;
		};
/* End PBXShellScriptBuildPhase section */

/* Begin PBXSourcesBuildPhase section */
		A1B5F06A283270890098DF44 /* Sources */ = {
			isa = PBXSourcesBuildPhase;
			buildActionMask = 2147483647;
			files = (
				A1B5F0D42833DAA70098DF44 /* VersionRepositoryImpl.swift in Sources */,
				A1B5F0D828350E5C0098DF44 /* SplashReactor.swift in Sources */,
				A12B90F62843858C00156AA7 /* EditSheetReactor.swift in Sources */,
				A1634A36283B93E700403498 /* CategoryAPI.swift in Sources */,
				A1A35CA928433E080047AF82 /* EditSheetViewController.swift in Sources */,
				A12B90F42843776100156AA7 /* BaseTableViewCell.swift in Sources */,
				A151BEC32842736D002780F5 /* Question.swift in Sources */,
				A1AE5FB22837BE9000C71F9B /* MainTab.swift in Sources */,
				A151BEB5283D1877002780F5 /* CategoryListSection.swift in Sources */,
				A12B910028438D4600156AA7 /* Answer.swift in Sources */,
				A1634A47283D035D00403498 /* CALayer+.swift in Sources */,
				A1AE5FB62837BF2A00C71F9B /* MainTabViewModel.swift in Sources */,
				A12B910A284399A800156AA7 /* Date+.swift in Sources */,
				A151BEC628427381002780F5 /* QuestionListSection.swift in Sources */,
				A151BEC82842738F002780F5 /* QuestionUseCase.swift in Sources */,
				A1AE5FCD283B767D00C71F9B /* BaseViewController.swift in Sources */,
				A12B910228438D4F00156AA7 /* AnswerRepository.swift in Sources */,
				A151BED0284279A9002780F5 /* QuestionDTO.swift in Sources */,
				A1AE5FAF2835AB3100C71F9B /* FirebaseError.swift in Sources */,
				A1AE5FD5283B859A00C71F9B /* CategoryRepositoryImpl.swift in Sources */,
				A189E636284C6A46008D86F1 /* SheetError.swift in Sources */,
				A151BEB9283D1C14002780F5 /* CategoryListCell.swift in Sources */,
				A12B910628438F1700156AA7 /* AnswerAPI.swift in Sources */,
				A1B5F0AC28327E850098DF44 /* DIContainer.swift in Sources */,
				A1B5F076283270890098DF44 /* SplashViewController.swift in Sources */,
				A1B5F0DA283510A10098DF44 /* FirebaseService.swift in Sources */,
				A12B910428438D6B00156AA7 /* AnswerRepositoryImpl.swift in Sources */,
				A1AE5FA9283524C700C71F9B /* ServiceAPI.swift in Sources */,
				A1AE5FAB283524F700C71F9B /* VersionAPI.swift in Sources */,
				A151BECC284273B7002780F5 /* QuestionRepositoryImpl.swift in Sources */,
				A1634A41283B9E9400403498 /* Version.swift in Sources */,
				A151BECA2842739A002780F5 /* QuestionRepository.swift in Sources */,
				A1B5F0D22833DA790098DF44 /* VersionUseCase.swift in Sources */,
				A1B5F0D02833DA630098DF44 /* VersionRepository.swift in Sources */,
				A151BEC12842735E002780F5 /* QuestionListCell.swift in Sources */,
				A1634A3F283B9DFF00403498 /* CategoryDTO.swift in Sources */,
				A1AE5FD3283B858700C71F9B /* CategoryRepository.swift in Sources */,
				A1AE5FD1283B854B00C71F9B /* CategoryUseCase.swift in Sources */,
				A1634A3D283B9DE100403498 /* VersionDTO.swift in Sources */,
				A12B91082843907E00156AA7 /* AnswerDTO.swift in Sources */,
				A1B5F072283270890098DF44 /* AppDelegate.swift in Sources */,
				A12B910E284B1E8E00156AA7 /* SheetEditMode.swift in Sources */,
				A12B90FE28438D3E00156AA7 /* AnswerUseCase.swift in Sources */,
				A12B90FA28438D1F00156AA7 /* AnswerDetailViewController.swift in Sources */,
				A12B90FC28438D2B00156AA7 /* AnswerDetailReactor.swift in Sources */,
				A151BEBF2842734C002780F5 /* QuestionListReactor.swift in Sources */,
				A151BECE284273C1002780F5 /* QuestionAPI.swift in Sources */,
				A189E634284B7074008D86F1 /* SheetUseCase.swift in Sources */,
				A1AE5FB42837BEBF00C71F9B /* MainTabBarController.swift in Sources */,
				A1634A3A283B9B4000403498 /* Category.swift in Sources */,
				A1AE5FC8283B669400C71F9B /* CategoryListViewController.swift in Sources */,
				A151BEBD28427342002780F5 /* QuestionListViewController.swift in Sources */,
				A1B5F074283270890098DF44 /* SceneDelegate.swift in Sources */,
				A1AE5FCF283B852000C71F9B /* CategoryListReactor.swift in Sources */,
			);
			runOnlyForDeploymentPostprocessing = 0;
		};
		A1B5F0802832708B0098DF44 /* Sources */ = {
			isa = PBXSourcesBuildPhase;
			buildActionMask = 2147483647;
			files = (
				A1B5F0892832708B0098DF44 /* DevSheetTests.swift in Sources */,
			);
			runOnlyForDeploymentPostprocessing = 0;
		};
		A1B5F08A2832708B0098DF44 /* Sources */ = {
			isa = PBXSourcesBuildPhase;
			buildActionMask = 2147483647;
			files = (
				A1B5F0952832708B0098DF44 /* DevSheetUITestsLaunchTests.swift in Sources */,
				A1B5F0932832708B0098DF44 /* DevSheetUITests.swift in Sources */,
			);
			runOnlyForDeploymentPostprocessing = 0;
		};
/* End PBXSourcesBuildPhase section */

/* Begin PBXTargetDependency section */
		A1B5F0862832708B0098DF44 /* PBXTargetDependency */ = {
			isa = PBXTargetDependency;
			target = A1B5F06D283270890098DF44 /* DevSheet */;
			targetProxy = A1B5F0852832708B0098DF44 /* PBXContainerItemProxy */;
		};
		A1B5F0902832708B0098DF44 /* PBXTargetDependency */ = {
			isa = PBXTargetDependency;
			target = A1B5F06D283270890098DF44 /* DevSheet */;
			targetProxy = A1B5F08F2832708B0098DF44 /* PBXContainerItemProxy */;
		};
/* End PBXTargetDependency section */

/* Begin PBXVariantGroup section */
		A1B5F07C2832708B0098DF44 /* LaunchScreen.storyboard */ = {
			isa = PBXVariantGroup;
			children = (
				A1B5F07D2832708B0098DF44 /* Base */,
			);
			name = LaunchScreen.storyboard;
			sourceTree = "<group>";
		};
/* End PBXVariantGroup section */

/* Begin XCBuildConfiguration section */
		A1B5F0962832708B0098DF44 /* Debug */ = {
			isa = XCBuildConfiguration;
			buildSettings = {
				ALWAYS_SEARCH_USER_PATHS = NO;
				CLANG_ANALYZER_NONNULL = YES;
				CLANG_ANALYZER_NUMBER_OBJECT_CONVERSION = YES_AGGRESSIVE;
				CLANG_CXX_LANGUAGE_STANDARD = "gnu++17";
				CLANG_CXX_LIBRARY = "libc++";
				CLANG_ENABLE_MODULES = YES;
				CLANG_ENABLE_OBJC_ARC = YES;
				CLANG_ENABLE_OBJC_WEAK = YES;
				CLANG_WARN_BLOCK_CAPTURE_AUTORELEASING = YES;
				CLANG_WARN_BOOL_CONVERSION = YES;
				CLANG_WARN_COMMA = YES;
				CLANG_WARN_CONSTANT_CONVERSION = YES;
				CLANG_WARN_DEPRECATED_OBJC_IMPLEMENTATIONS = YES;
				CLANG_WARN_DIRECT_OBJC_ISA_USAGE = YES_ERROR;
				CLANG_WARN_DOCUMENTATION_COMMENTS = YES;
				CLANG_WARN_EMPTY_BODY = YES;
				CLANG_WARN_ENUM_CONVERSION = YES;
				CLANG_WARN_INFINITE_RECURSION = YES;
				CLANG_WARN_INT_CONVERSION = YES;
				CLANG_WARN_NON_LITERAL_NULL_CONVERSION = YES;
				CLANG_WARN_OBJC_IMPLICIT_RETAIN_SELF = YES;
				CLANG_WARN_OBJC_LITERAL_CONVERSION = YES;
				CLANG_WARN_OBJC_ROOT_CLASS = YES_ERROR;
				CLANG_WARN_QUOTED_INCLUDE_IN_FRAMEWORK_HEADER = YES;
				CLANG_WARN_RANGE_LOOP_ANALYSIS = YES;
				CLANG_WARN_STRICT_PROTOTYPES = YES;
				CLANG_WARN_SUSPICIOUS_MOVE = YES;
				CLANG_WARN_UNGUARDED_AVAILABILITY = YES_AGGRESSIVE;
				CLANG_WARN_UNREACHABLE_CODE = YES;
				CLANG_WARN__DUPLICATE_METHOD_MATCH = YES;
				COPY_PHASE_STRIP = NO;
				DEBUG_INFORMATION_FORMAT = dwarf;
				ENABLE_STRICT_OBJC_MSGSEND = YES;
				ENABLE_TESTABILITY = YES;
				GCC_C_LANGUAGE_STANDARD = gnu11;
				GCC_DYNAMIC_NO_PIC = NO;
				GCC_NO_COMMON_BLOCKS = YES;
				GCC_OPTIMIZATION_LEVEL = 0;
				GCC_PREPROCESSOR_DEFINITIONS = (
					"DEBUG=1",
					"$(inherited)",
				);
				GCC_WARN_64_TO_32_BIT_CONVERSION = YES;
				GCC_WARN_ABOUT_RETURN_TYPE = YES_ERROR;
				GCC_WARN_UNDECLARED_SELECTOR = YES;
				GCC_WARN_UNINITIALIZED_AUTOS = YES_AGGRESSIVE;
				GCC_WARN_UNUSED_FUNCTION = YES;
				GCC_WARN_UNUSED_VARIABLE = YES;
				IPHONEOS_DEPLOYMENT_TARGET = 14.1;
				MTL_ENABLE_DEBUG_INFO = INCLUDE_SOURCE;
				MTL_FAST_MATH = YES;
				ONLY_ACTIVE_ARCH = YES;
				SDKROOT = iphoneos;
				SWIFT_ACTIVE_COMPILATION_CONDITIONS = DEBUG;
				SWIFT_OPTIMIZATION_LEVEL = "-Onone";
			};
			name = Debug;
		};
		A1B5F0972832708B0098DF44 /* Release */ = {
			isa = XCBuildConfiguration;
			buildSettings = {
				ALWAYS_SEARCH_USER_PATHS = NO;
				CLANG_ANALYZER_NONNULL = YES;
				CLANG_ANALYZER_NUMBER_OBJECT_CONVERSION = YES_AGGRESSIVE;
				CLANG_CXX_LANGUAGE_STANDARD = "gnu++17";
				CLANG_CXX_LIBRARY = "libc++";
				CLANG_ENABLE_MODULES = YES;
				CLANG_ENABLE_OBJC_ARC = YES;
				CLANG_ENABLE_OBJC_WEAK = YES;
				CLANG_WARN_BLOCK_CAPTURE_AUTORELEASING = YES;
				CLANG_WARN_BOOL_CONVERSION = YES;
				CLANG_WARN_COMMA = YES;
				CLANG_WARN_CONSTANT_CONVERSION = YES;
				CLANG_WARN_DEPRECATED_OBJC_IMPLEMENTATIONS = YES;
				CLANG_WARN_DIRECT_OBJC_ISA_USAGE = YES_ERROR;
				CLANG_WARN_DOCUMENTATION_COMMENTS = YES;
				CLANG_WARN_EMPTY_BODY = YES;
				CLANG_WARN_ENUM_CONVERSION = YES;
				CLANG_WARN_INFINITE_RECURSION = YES;
				CLANG_WARN_INT_CONVERSION = YES;
				CLANG_WARN_NON_LITERAL_NULL_CONVERSION = YES;
				CLANG_WARN_OBJC_IMPLICIT_RETAIN_SELF = YES;
				CLANG_WARN_OBJC_LITERAL_CONVERSION = YES;
				CLANG_WARN_OBJC_ROOT_CLASS = YES_ERROR;
				CLANG_WARN_QUOTED_INCLUDE_IN_FRAMEWORK_HEADER = YES;
				CLANG_WARN_RANGE_LOOP_ANALYSIS = YES;
				CLANG_WARN_STRICT_PROTOTYPES = YES;
				CLANG_WARN_SUSPICIOUS_MOVE = YES;
				CLANG_WARN_UNGUARDED_AVAILABILITY = YES_AGGRESSIVE;
				CLANG_WARN_UNREACHABLE_CODE = YES;
				CLANG_WARN__DUPLICATE_METHOD_MATCH = YES;
				COPY_PHASE_STRIP = NO;
				DEBUG_INFORMATION_FORMAT = "dwarf-with-dsym";
				ENABLE_NS_ASSERTIONS = NO;
				ENABLE_STRICT_OBJC_MSGSEND = YES;
				GCC_C_LANGUAGE_STANDARD = gnu11;
				GCC_NO_COMMON_BLOCKS = YES;
				GCC_WARN_64_TO_32_BIT_CONVERSION = YES;
				GCC_WARN_ABOUT_RETURN_TYPE = YES_ERROR;
				GCC_WARN_UNDECLARED_SELECTOR = YES;
				GCC_WARN_UNINITIALIZED_AUTOS = YES_AGGRESSIVE;
				GCC_WARN_UNUSED_FUNCTION = YES;
				GCC_WARN_UNUSED_VARIABLE = YES;
				IPHONEOS_DEPLOYMENT_TARGET = 14.1;
				MTL_ENABLE_DEBUG_INFO = NO;
				MTL_FAST_MATH = YES;
				SDKROOT = iphoneos;
				SWIFT_COMPILATION_MODE = wholemodule;
				SWIFT_OPTIMIZATION_LEVEL = "-O";
				VALIDATE_PRODUCT = YES;
			};
			name = Release;
		};
		A1B5F0992832708B0098DF44 /* Debug */ = {
			isa = XCBuildConfiguration;
			baseConfigurationReference = C8FF06B1091204C654677569 /* Pods-DevSheet.debug.xcconfig */;
			buildSettings = {
				ASSETCATALOG_COMPILER_APPICON_NAME = AppIcon;
				ASSETCATALOG_COMPILER_GLOBAL_ACCENT_COLOR_NAME = AccentColor;
				CODE_SIGN_STYLE = Automatic;
				CURRENT_PROJECT_VERSION = 1;
				DEBUG_INFORMATION_FORMAT = "dwarf-with-dsym";
				DEVELOPMENT_TEAM = YB8GA5MLV5;
				GENERATE_INFOPLIST_FILE = YES;
				INFOPLIST_FILE = DevSheet/Info.plist;
				INFOPLIST_KEY_UIApplicationSupportsIndirectInputEvents = YES;
				INFOPLIST_KEY_UILaunchStoryboardName = LaunchScreen;
				INFOPLIST_KEY_UISupportedInterfaceOrientations = UIInterfaceOrientationPortrait;
				INFOPLIST_KEY_UISupportedInterfaceOrientations_iPad = "UIInterfaceOrientationPortrait UIInterfaceOrientationPortraitUpsideDown UIInterfaceOrientationLandscapeLeft UIInterfaceOrientationLandscapeRight";
				INFOPLIST_KEY_UISupportedInterfaceOrientations_iPhone = "UIInterfaceOrientationPortrait UIInterfaceOrientationLandscapeLeft UIInterfaceOrientationLandscapeRight";
				LD_RUNPATH_SEARCH_PATHS = (
					"$(inherited)",
					"@executable_path/Frameworks",
				);
				MARKETING_VERSION = 1.0;
				PRODUCT_BUNDLE_IDENTIFIER = yongmin.DevSheet;
				PRODUCT_NAME = "$(TARGET_NAME)";
				SWIFT_EMIT_LOC_STRINGS = YES;
				SWIFT_VERSION = 5.0;
				TARGETED_DEVICE_FAMILY = 1;
			};
			name = Debug;
		};
		A1B5F09A2832708B0098DF44 /* Release */ = {
			isa = XCBuildConfiguration;
			baseConfigurationReference = C8408F3302BC60984C43F8A7 /* Pods-DevSheet.release.xcconfig */;
			buildSettings = {
				ASSETCATALOG_COMPILER_APPICON_NAME = AppIcon;
				ASSETCATALOG_COMPILER_GLOBAL_ACCENT_COLOR_NAME = AccentColor;
				CODE_SIGN_STYLE = Automatic;
				CURRENT_PROJECT_VERSION = 1;
				DEVELOPMENT_TEAM = YB8GA5MLV5;
				GENERATE_INFOPLIST_FILE = YES;
				INFOPLIST_FILE = DevSheet/Info.plist;
				INFOPLIST_KEY_UIApplicationSupportsIndirectInputEvents = YES;
				INFOPLIST_KEY_UILaunchStoryboardName = LaunchScreen;
				INFOPLIST_KEY_UISupportedInterfaceOrientations = UIInterfaceOrientationPortrait;
				INFOPLIST_KEY_UISupportedInterfaceOrientations_iPad = "UIInterfaceOrientationPortrait UIInterfaceOrientationPortraitUpsideDown UIInterfaceOrientationLandscapeLeft UIInterfaceOrientationLandscapeRight";
				INFOPLIST_KEY_UISupportedInterfaceOrientations_iPhone = "UIInterfaceOrientationPortrait UIInterfaceOrientationLandscapeLeft UIInterfaceOrientationLandscapeRight";
				LD_RUNPATH_SEARCH_PATHS = (
					"$(inherited)",
					"@executable_path/Frameworks",
				);
				MARKETING_VERSION = 1.0;
				PRODUCT_BUNDLE_IDENTIFIER = yongmin.DevSheet;
				PRODUCT_NAME = "$(TARGET_NAME)";
				SWIFT_EMIT_LOC_STRINGS = YES;
				SWIFT_VERSION = 5.0;
				TARGETED_DEVICE_FAMILY = 1;
			};
			name = Release;
		};
		A1B5F09C2832708B0098DF44 /* Debug */ = {
			isa = XCBuildConfiguration;
			baseConfigurationReference = 1A84A0F1A71943029E082592 /* Pods-DevSheetTests.debug.xcconfig */;
			buildSettings = {
				ALWAYS_EMBED_SWIFT_STANDARD_LIBRARIES = YES;
				BUNDLE_LOADER = "$(TEST_HOST)";
				CODE_SIGN_STYLE = Automatic;
				CURRENT_PROJECT_VERSION = 1;
				DEVELOPMENT_TEAM = YB8GA5MLV5;
				GENERATE_INFOPLIST_FILE = YES;
				IPHONEOS_DEPLOYMENT_TARGET = 15.2;
				MARKETING_VERSION = 1.0;
				PRODUCT_BUNDLE_IDENTIFIER = yongmin.DevSheetTests;
				PRODUCT_NAME = "$(TARGET_NAME)";
				SWIFT_EMIT_LOC_STRINGS = NO;
				SWIFT_VERSION = 5.0;
				TARGETED_DEVICE_FAMILY = "1,2";
				TEST_HOST = "$(BUILT_PRODUCTS_DIR)/DevSheet.app/DevSheet";
			};
			name = Debug;
		};
		A1B5F09D2832708B0098DF44 /* Release */ = {
			isa = XCBuildConfiguration;
			baseConfigurationReference = 8C681EB0F81107A551EA4192 /* Pods-DevSheetTests.release.xcconfig */;
			buildSettings = {
				ALWAYS_EMBED_SWIFT_STANDARD_LIBRARIES = YES;
				BUNDLE_LOADER = "$(TEST_HOST)";
				CODE_SIGN_STYLE = Automatic;
				CURRENT_PROJECT_VERSION = 1;
				DEVELOPMENT_TEAM = YB8GA5MLV5;
				GENERATE_INFOPLIST_FILE = YES;
				IPHONEOS_DEPLOYMENT_TARGET = 15.2;
				MARKETING_VERSION = 1.0;
				PRODUCT_BUNDLE_IDENTIFIER = yongmin.DevSheetTests;
				PRODUCT_NAME = "$(TARGET_NAME)";
				SWIFT_EMIT_LOC_STRINGS = NO;
				SWIFT_VERSION = 5.0;
				TARGETED_DEVICE_FAMILY = "1,2";
				TEST_HOST = "$(BUILT_PRODUCTS_DIR)/DevSheet.app/DevSheet";
			};
			name = Release;
		};
		A1B5F09F2832708B0098DF44 /* Debug */ = {
			isa = XCBuildConfiguration;
			baseConfigurationReference = D452118333473B498B608307 /* Pods-DevSheet-DevSheetUITests.debug.xcconfig */;
			buildSettings = {
				ALWAYS_EMBED_SWIFT_STANDARD_LIBRARIES = YES;
				CODE_SIGN_STYLE = Automatic;
				CURRENT_PROJECT_VERSION = 1;
				DEVELOPMENT_TEAM = YB8GA5MLV5;
				GENERATE_INFOPLIST_FILE = YES;
				MARKETING_VERSION = 1.0;
				PRODUCT_BUNDLE_IDENTIFIER = yongmin.DevSheetUITests;
				PRODUCT_NAME = "$(TARGET_NAME)";
				SWIFT_EMIT_LOC_STRINGS = NO;
				SWIFT_VERSION = 5.0;
				TARGETED_DEVICE_FAMILY = "1,2";
				TEST_TARGET_NAME = DevSheet;
			};
			name = Debug;
		};
		A1B5F0A02832708B0098DF44 /* Release */ = {
			isa = XCBuildConfiguration;
			baseConfigurationReference = 778AAA77B9C7472AAEC3F477 /* Pods-DevSheet-DevSheetUITests.release.xcconfig */;
			buildSettings = {
				ALWAYS_EMBED_SWIFT_STANDARD_LIBRARIES = YES;
				CODE_SIGN_STYLE = Automatic;
				CURRENT_PROJECT_VERSION = 1;
				DEVELOPMENT_TEAM = YB8GA5MLV5;
				GENERATE_INFOPLIST_FILE = YES;
				MARKETING_VERSION = 1.0;
				PRODUCT_BUNDLE_IDENTIFIER = yongmin.DevSheetUITests;
				PRODUCT_NAME = "$(TARGET_NAME)";
				SWIFT_EMIT_LOC_STRINGS = NO;
				SWIFT_VERSION = 5.0;
				TARGETED_DEVICE_FAMILY = "1,2";
				TEST_TARGET_NAME = DevSheet;
			};
			name = Release;
		};
/* End XCBuildConfiguration section */

/* Begin XCConfigurationList section */
		A1B5F069283270890098DF44 /* Build configuration list for PBXProject "DevSheet" */ = {
			isa = XCConfigurationList;
			buildConfigurations = (
				A1B5F0962832708B0098DF44 /* Debug */,
				A1B5F0972832708B0098DF44 /* Release */,
			);
			defaultConfigurationIsVisible = 0;
			defaultConfigurationName = Release;
		};
		A1B5F0982832708B0098DF44 /* Build configuration list for PBXNativeTarget "DevSheet" */ = {
			isa = XCConfigurationList;
			buildConfigurations = (
				A1B5F0992832708B0098DF44 /* Debug */,
				A1B5F09A2832708B0098DF44 /* Release */,
			);
			defaultConfigurationIsVisible = 0;
			defaultConfigurationName = Release;
		};
		A1B5F09B2832708B0098DF44 /* Build configuration list for PBXNativeTarget "DevSheetTests" */ = {
			isa = XCConfigurationList;
			buildConfigurations = (
				A1B5F09C2832708B0098DF44 /* Debug */,
				A1B5F09D2832708B0098DF44 /* Release */,
			);
			defaultConfigurationIsVisible = 0;
			defaultConfigurationName = Release;
		};
		A1B5F09E2832708B0098DF44 /* Build configuration list for PBXNativeTarget "DevSheetUITests" */ = {
			isa = XCConfigurationList;
			buildConfigurations = (
				A1B5F09F2832708B0098DF44 /* Debug */,
				A1B5F0A02832708B0098DF44 /* Release */,
			);
			defaultConfigurationIsVisible = 0;
			defaultConfigurationName = Release;
		};
/* End XCConfigurationList section */

/* Begin XCRemoteSwiftPackageReference section */
		A1B5F0B1283284CD0098DF44 /* XCRemoteSwiftPackageReference "firebase-ios-sdk" */ = {
			isa = XCRemoteSwiftPackageReference;
			repositoryURL = "https://github.com/firebase/firebase-ios-sdk";
			requirement = {
				kind = upToNextMajorVersion;
				minimumVersion = 9.0.0;
			};
		};
/* End XCRemoteSwiftPackageReference section */

/* Begin XCSwiftPackageProductDependency section */
		A1B5F0B2283284CD0098DF44 /* FirebaseAnalytics */ = {
			isa = XCSwiftPackageProductDependency;
			package = A1B5F0B1283284CD0098DF44 /* XCRemoteSwiftPackageReference "firebase-ios-sdk" */;
			productName = FirebaseAnalytics;
		};
		A1B5F0B4283284CD0098DF44 /* FirebaseAnalyticsSwift */ = {
			isa = XCSwiftPackageProductDependency;
			package = A1B5F0B1283284CD0098DF44 /* XCRemoteSwiftPackageReference "firebase-ios-sdk" */;
			productName = FirebaseAnalyticsSwift;
		};
		A1B5F0B6283284CD0098DF44 /* FirebaseAnalyticsWithoutAdIdSupport */ = {
			isa = XCSwiftPackageProductDependency;
			package = A1B5F0B1283284CD0098DF44 /* XCRemoteSwiftPackageReference "firebase-ios-sdk" */;
			productName = FirebaseAnalyticsWithoutAdIdSupport;
		};
		A1B5F0B8283284CD0098DF44 /* FirebaseAuth */ = {
			isa = XCSwiftPackageProductDependency;
			package = A1B5F0B1283284CD0098DF44 /* XCRemoteSwiftPackageReference "firebase-ios-sdk" */;
			productName = FirebaseAuth;
		};
		A1B5F0BA283284CD0098DF44 /* FirebaseCrashlytics */ = {
			isa = XCSwiftPackageProductDependency;
			package = A1B5F0B1283284CD0098DF44 /* XCRemoteSwiftPackageReference "firebase-ios-sdk" */;
			productName = FirebaseCrashlytics;
		};
		A1B5F0BC283284CD0098DF44 /* FirebaseDatabase */ = {
			isa = XCSwiftPackageProductDependency;
			package = A1B5F0B1283284CD0098DF44 /* XCRemoteSwiftPackageReference "firebase-ios-sdk" */;
			productName = FirebaseDatabase;
		};
		A1B5F0BE283284CD0098DF44 /* FirebaseDatabaseSwift */ = {
			isa = XCSwiftPackageProductDependency;
			package = A1B5F0B1283284CD0098DF44 /* XCRemoteSwiftPackageReference "firebase-ios-sdk" */;
			productName = FirebaseDatabaseSwift;
		};
		A1B5F0C0283284CD0098DF44 /* FirebaseFirestore */ = {
			isa = XCSwiftPackageProductDependency;
			package = A1B5F0B1283284CD0098DF44 /* XCRemoteSwiftPackageReference "firebase-ios-sdk" */;
			productName = FirebaseFirestore;
		};
		A1B5F0C2283284CD0098DF44 /* FirebaseFirestoreSwift */ = {
			isa = XCSwiftPackageProductDependency;
			package = A1B5F0B1283284CD0098DF44 /* XCRemoteSwiftPackageReference "firebase-ios-sdk" */;
			productName = FirebaseFirestoreSwift;
		};
		A1B5F0C4283284CD0098DF44 /* FirebaseStorage */ = {
			isa = XCSwiftPackageProductDependency;
			package = A1B5F0B1283284CD0098DF44 /* XCRemoteSwiftPackageReference "firebase-ios-sdk" */;
			productName = FirebaseStorage;
		};
/* End XCSwiftPackageProductDependency section */
	};
	rootObject = A1B5F066283270890098DF44 /* Project object */;
}
